lockfileVersion: '9.0'

settings:
  autoInstallPeers: true
  excludeLinksFromLockfile: false

importers:

  .:
    dependencies:
      '@ai-sdk/openai':
        specifier: ^2.0.88
        version: 2.0.88(zod@4.2.1)
      ai:
        specifier: ^5.0.116
        version: 5.0.116(zod@4.2.1)

packages:

  '@ai-sdk/gateway@2.0.23':
    resolution: {integrity: sha512-qmX7afPRszUqG5hryHF3UN8ITPIRSGmDW6VYCmByzjoUkgm3MekzSx2hMV1wr0P+llDeuXb378SjqUfpvWJulg==}
    engines: {node: '>=18'}
    peerDependencies:
      zod: ^3.25.76 || ^4.1.8

  '@ai-sdk/openai@2.0.88':
    resolution: {integrity: sha512-LlOf83haeZIiRUH1Zw1oEmqUfw5y54227CvndFoBpIkMJwQDGAB3VARUeOJ6iwAWDJjXSz06GdnEnhRU67Yatw==}
    engines: {node: '>=18'}
    peerDependencies:
      zod: ^3.25.76 || ^4.1.8

  '@ai-sdk/provider-utils@3.0.19':
    resolution: {integrity: sha512-W41Wc9/jbUVXVwCN/7bWa4IKe8MtxO3EyA0Hfhx6grnmiYlCvpI8neSYWFE0zScXJkgA/YK3BRybzgyiXuu6JA==}
    engines: {node: '>=18'}
    peerDependencies:
      zod: ^3.25.76 || ^4.1.8

  '@ai-sdk/provider@2.0.0':
    resolution: {integrity: sha512-6o7Y2SeO9vFKB8lArHXehNuusnpddKPk7xqL7T2/b+OvXMRIXUO1rR4wcv1hAFUAT9avGZshty3Wlua/XA7TvA==}
    engines: {node: '>=18'}

  '@opentelemetry/api@1.9.0':
    resolution: {integrity: sha512-3giAOQvZiH5F9bMlMiv8+GSPMeqg0dbaeo58/0SlA9sxSqZhnUtxzX9/2FzyhS9sWQf5S0GJE0AKBrFqjpeYcg==}
    engines: {node: '>=8.0.0'}

  '@standard-schema/spec@1.1.0':
    resolution: {integrity: sha512-l2aFy5jALhniG5HgqrD6jXLi/rUWrKvqN/qJx6yoJsgKhblVd+iqqU4RCXavm/jPityDo5TCvKMnpjKnOriy0w==}

  '@vercel/oidc@3.0.5':
    resolution: {integrity: sha512-fnYhv671l+eTTp48gB4zEsTW/YtRgRPnkI2nT7x6qw5rkI1Lq2hTmQIpHPgyThI0znLK+vX2n9XxKdXZ7BUbbw==}
    engines: {node: '>= 20'}

  ai@5.0.116:
    resolution: {integrity: sha512-+2hYJ80/NcDWuv9K2/MLP3cTCFgwWHmHlS1tOpFUKKcmLbErAAlE/S2knsKboc3PNAu8pQkDr2N3K/Vle7ENgQ==}
    engines: {node: '>=18'}
    peerDependencies:
      zod: ^3.25.76 || ^4.1.8

  eventsource-parser@3.0.6:
    resolution: {integrity: sha512-Vo1ab+QXPzZ4tCa8SwIHJFaSzy4R6SHf7BY79rFBDf0idraZWAkYrDjDj8uWaSm3S2TK+hJ7/t1CEmZ7jXw+pg==}
    engines: {node: '>=18.0.0'}

  json-schema@0.4.0:
    resolution: {integrity: sha512-es94M3nTIfsEPisRafak+HDLfHXnKBhV3vU5eqPcS3flIWqcxJWgXHXiey3YrpaNsanY5ei1VoYEbOzijuq9BA==}

  zod@4.2.1:
    resolution: {integrity: sha512-0wZ1IRqGGhMP76gLqz8EyfBXKk0J2qo2+H3fi4mcUP/KtTocoX08nmIAHl1Z2kJIZbZee8KOpBCSNPRgauucjw==}

snapshots:

  '@ai-sdk/gateway@2.0.23(zod@4.2.1)':
    dependencies:
      '@ai-sdk/provider': 2.0.0
      '@ai-sdk/provider-utils': 3.0.19(zod@4.2.1)
      '@vercel/oidc': 3.0.5
      zod: 4.2.1

  '@ai-sdk/openai@2.0.88(zod@4.2.1)':
    dependencies:
      '@ai-sdk/provider': 2.0.0
      '@ai-sdk/provider-utils': 3.0.19(zod@4.2.1)
      zod: 4.2.1

  '@ai-sdk/provider-utils@3.0.19(zod@4.2.1)':
    dependencies:
      '@ai-sdk/provider': 2.0.0
      '@standard-schema/spec': 1.1.0
      eventsource-parser: 3.0.6
      zod: 4.2.1

  '@ai-sdk/provider@2.0.0':
    dependencies:
      json-schema: 0.4.0

  '@opentelemetry/api@1.9.0': {}

  '@standard-schema/spec@1.1.0': {}

  '@vercel/oidc@3.0.5': {}

  ai@5.0.116(zod@4.2.1):
    dependencies:
      '@ai-sdk/gateway': 2.0.23(zod@4.2.1)
      '@ai-sdk/provider': 2.0.0
      '@ai-sdk/provider-utils': 3.0.19(zod@4.2.1)
      '@opentelemetry/api': 1.9.0
      zod: 4.2.1

  eventsource-parser@3.0.6: {}

  json-schema@0.4.0: {}

  zod@4.2.1: {}
